
Microsoft Visual Studio Solution File, Format Version 12.00
# Visual Studio 15
VisualStudioVersion = 15.0.27130.2027
MinimumVisualStudioVersion = 10.0.40219.1
Project("{CC5FD16D-436D-48AD-A40C-5A424C6E3E79}") = "AzureCloudService", "AzureCloudService\AzureCloudService.ccproj", "{C1C74875-1555-4D3D-B86F-2D8019CA7BCF}"
EndProject
Project("{FAE04EC0-301F-11D3-BF4B-00C04F79EFBC}") = "WorkerRole", "WorkerRole\WorkerRole.csproj", "{1EE6329C-9E7C-406F-9206-3D65763B9457}"
EndProject
Project("{FAE04EC0-301F-11D3-BF4B-00C04F79EFBC}") = "Bell", "Bell\Bell.csproj", "{905E3F24-DEDA-49CA-85EA-87DC5DBE16AE}"
EndProject
Project("{FAE04EC0-301F-11D3-BF4B-00C04F79EFBC}") = "DatabaseManager", "DatabaseManager\DatabaseManager.csproj", "{673CE981-921B-4300-8DA3-DC0FE654EBD3}"
EndProject
Project("{FAE04EC0-301F-11D3-BF4B-00C04F79EFBC}") = "Lambda", "Lambda\Lambda.csproj", "{1DE73B9B-1153-4256-87D6-F7D5D234D7F3}"
EndProject
Project("{FAE04EC0-301F-11D3-BF4B-00C04F79EFBC}") = "VisomaReST", "VisomaReST\VisomaReST.csproj", "{E66AE403-C669-4FEE-A612-53E79FF85D8F}"
EndProject
Project("{FAE04EC0-301F-11D3-BF4B-00C04F79EFBC}") = "ExcelSqlAddIn", "ExcelSqlAddIn\ExcelSqlAddIn.csproj", "{DE20A46A-E7FD-4018-AE4D-8D8E1ED45779}"
EndProject
Project("{FAE04EC0-301F-11D3-BF4B-00C04F79EFBC}") = "NativePrimes", "NativePrimes\NativePrimes.csproj", "{1CC5A8B6-CF27-4063-9F70-4CB68786D106}"
EndProject
Project("{8BC9CEB8-8B4A-11D0-8D11-00A0C91BC942}") = "PrimesLib", "PrimesLib\PrimesLib.vcxproj", "{A52CDC07-FD8B-4960-AF42-D3428A511401}"
EndProject
Global
	GlobalSection(SolutionConfigurationPlatforms) = preSolution
		Debug|Any CPU = Debug|Any CPU
		Debug|x64 = Debug|x64
		Debug|x86 = Debug|x86
		Release|Any CPU = Release|Any CPU
		Release|x64 = Release|x64
		Release|x86 = Release|x86
	EndGlobalSection
	GlobalSection(ProjectConfigurationPlatforms) = postSolution
		{C1C74875-1555-4D3D-B86F-2D8019CA7BCF}.Debug|Any CPU.ActiveCfg = Debug|Any CPU
		{C1C74875-1555-4D3D-B86F-2D8019CA7BCF}.Debug|Any CPU.Build.0 = Debug|Any CPU
		{C1C74875-1555-4D3D-B86F-2D8019CA7BCF}.Debug|x64.ActiveCfg = Debug|Any CPU
		{C1C74875-1555-4D3D-B86F-2D8019CA7BCF}.Debug|x64.Build.0 = Debug|Any CPU
		{C1C74875-1555-4D3D-B86F-2D8019CA7BCF}.Debug|x86.ActiveCfg = Debug|Any CPU
		{C1C74875-1555-4D3D-B86F-2D8019CA7BCF}.Debug|x86.Build.0 = Debug|Any CPU
		{C1C74875-1555-4D3D-B86F-2D8019CA7BCF}.Release|Any CPU.ActiveCfg = Release|Any CPU
		{C1C74875-1555-4D3D-B86F-2D8019CA7BCF}.Release|Any CPU.Build.0 = Release|Any CPU
		{C1C74875-1555-4D3D-B86F-2D8019CA7BCF}.Release|x64.ActiveCfg = Release|Any CPU
		{C1C74875-1555-4D3D-B86F-2D8019CA7BCF}.Release|x64.Build.0 = Release|Any CPU
		{C1C74875-1555-4D3D-B86F-2D8019CA7BCF}.Release|x86.ActiveCfg = Release|Any CPU
		{C1C74875-1555-4D3D-B86F-2D8019CA7BCF}.Release|x86.Build.0 = Release|Any CPU
		{1EE6329C-9E7C-406F-9206-3D65763B9457}.Debug|Any CPU.ActiveCfg = Debug|Any CPU
		{1EE6329C-9E7C-406F-9206-3D65763B9457}.Debug|Any CPU.Build.0 = Debug|Any CPU
		{1EE6329C-9E7C-406F-9206-3D65763B9457}.Debug|x64.ActiveCfg = Debug|Any CPU
		{1EE6329C-9E7C-406F-9206-3D65763B9457}.Debug|x64.Build.0 = Debug|Any CPU
		{1EE6329C-9E7C-406F-9206-3D65763B9457}.Debug|x86.ActiveCfg = Debug|Any CPU
		{1EE6329C-9E7C-406F-9206-3D65763B9457}.Debug|x86.Build.0 = Debug|Any CPU
		{1EE6329C-9E7C-406F-9206-3D65763B9457}.Release|Any CPU.ActiveCfg = Release|Any CPU
		{1EE6329C-9E7C-406F-9206-3D65763B9457}.Release|Any CPU.Build.0 = Release|Any CPU
		{1EE6329C-9E7C-406F-9206-3D65763B9457}.Release|x64.ActiveCfg = Release|Any CPU
		{1EE6329C-9E7C-406F-9206-3D65763B9457}.Release|x64.Build.0 = Release|Any CPU
		{1EE6329C-9E7C-406F-9206-3D65763B9457}.Release|x86.ActiveCfg = Release|Any CPU
		{1EE6329C-9E7C-406F-9206-3D65763B9457}.Release|x86.Build.0 = Release|Any CPU
		{905E3F24-DEDA-49CA-85EA-87DC5DBE16AE}.Debug|Any CPU.ActiveCfg = Debug|Any CPU
		{905E3F24-DEDA-49CA-85EA-87DC5DBE16AE}.Debug|Any CPU.Build.0 = Debug|Any CPU
		{905E3F24-DEDA-49CA-85EA-87DC5DBE16AE}.Debug|x64.ActiveCfg = Debug|Any CPU
		{905E3F24-DEDA-49CA-85EA-87DC5DBE16AE}.Debug|x64.Build.0 = Debug|Any CPU
		{905E3F24-DEDA-49CA-85EA-87DC5DBE16AE}.Debug|x86.ActiveCfg = Debug|Any CPU
		{905E3F24-DEDA-49CA-85EA-87DC5DBE16AE}.Debug|x86.Build.0 = Debug|Any CPU
		{905E3F24-DEDA-49CA-85EA-87DC5DBE16AE}.Release|Any CPU.ActiveCfg = Release|Any CPU
		{905E3F24-DEDA-49CA-85EA-87DC5DBE16AE}.Release|Any CPU.Build.0 = Release|Any CPU
		{905E3F24-DEDA-49CA-85EA-87DC5DBE16AE}.Release|x64.ActiveCfg = Release|Any CPU
		{905E3F24-DEDA-49CA-85EA-87DC5DBE16AE}.Release|x64.Build.0 = Release|Any CPU
		{905E3F24-DEDA-49CA-85EA-87DC5DBE16AE}.Release|x86.ActiveCfg = Release|Any CPU
		{905E3F24-DEDA-49CA-85EA-87DC5DBE16AE}.Release|x86.Build.0 = Release|Any CPU
		{673CE981-921B-4300-8DA3-DC0FE654EBD3}.Debug|Any CPU.ActiveCfg = Debug|Any CPU
		{673CE981-921B-4300-8DA3-DC0FE654EBD3}.Debug|Any CPU.Build.0 = Debug|Any CPU
		{673CE981-921B-4300-8DA3-DC0FE654EBD3}.Debug|x64.ActiveCfg = Debug|Any CPU
		{673CE981-921B-4300-8DA3-DC0FE654EBD3}.Debug|x64.Build.0 = Debug|Any CPU
		{673CE981-921B-4300-8DA3-DC0FE654EBD3}.Debug|x86.ActiveCfg = Debug|Any CPU
		{673CE981-921B-4300-8DA3-DC0FE654EBD3}.Debug|x86.Build.0 = Debug|Any CPU
		{673CE981-921B-4300-8DA3-DC0FE654EBD3}.Release|Any CPU.ActiveCfg = Release|Any CPU
		{673CE981-921B-4300-8DA3-DC0FE654EBD3}.Release|Any CPU.Build.0 = Release|Any CPU
		{673CE981-921B-4300-8DA3-DC0FE654EBD3}.Release|x64.ActiveCfg = Release|Any CPU
		{673CE981-921B-4300-8DA3-DC0FE654EBD3}.Release|x64.Build.0 = Release|Any CPU
		{673CE981-921B-4300-8DA3-DC0FE654EBD3}.Release|x86.ActiveCfg = Release|Any CPU
		{673CE981-921B-4300-8DA3-DC0FE654EBD3}.Release|x86.Build.0 = Release|Any CPU
		{1DE73B9B-1153-4256-87D6-F7D5D234D7F3}.Debug|Any CPU.ActiveCfg = Debug|Any CPU
		{1DE73B9B-1153-4256-87D6-F7D5D234D7F3}.Debug|Any CPU.Build.0 = Debug|Any CPU
		{1DE73B9B-1153-4256-87D6-F7D5D234D7F3}.Debug|x64.ActiveCfg = Debug|Any CPU
		{1DE73B9B-1153-4256-87D6-F7D5D234D7F3}.Debug|x64.Build.0 = Debug|Any CPU
		{1DE73B9B-1153-4256-87D6-F7D5D234D7F3}.Debug|x86.ActiveCfg = Debug|Any CPU
		{1DE73B9B-1153-4256-87D6-F7D5D234D7F3}.Debug|x86.Build.0 = Debug|Any CPU
		{1DE73B9B-1153-4256-87D6-F7D5D234D7F3}.Release|Any CPU.ActiveCfg = Release|Any CPU
		{1DE73B9B-1153-4256-87D6-F7D5D234D7F3}.Release|Any CPU.Build.0 = Release|Any CPU
		{1DE73B9B-1153-4256-87D6-F7D5D234D7F3}.Release|x64.ActiveCfg = Release|Any CPU
		{1DE73B9B-1153-4256-87D6-F7D5D234D7F3}.Release|x64.Build.0 = Release|Any CPU
		{1DE73B9B-1153-4256-87D6-F7D5D234D7F3}.Release|x86.ActiveCfg = Release|Any CPU
		{1DE73B9B-1153-4256-87D6-F7D5D234D7F3}.Release|x86.Build.0 = Release|Any CPU
		{E66AE403-C669-4FEE-A612-53E79FF85D8F}.Debug|Any CPU.ActiveCfg = Debug|Any CPU
		{E66AE403-C669-4FEE-A612-53E79FF85D8F}.Debug|Any CPU.Build.0 = Debug|Any CPU
		{E66AE403-C669-4FEE-A612-53E79FF85D8F}.Debug|x64.ActiveCfg = Debug|Any CPU
		{E66AE403-C669-4FEE-A612-53E79FF85D8F}.Debug|x64.Build.0 = Debug|Any CPU
		{E66AE403-C669-4FEE-A612-53E79FF85D8F}.Debug|x86.ActiveCfg = Debug|Any CPU
		{E66AE403-C669-4FEE-A612-53E79FF85D8F}.Debug|x86.Build.0 = Debug|Any CPU
		{E66AE403-C669-4FEE-A612-53E79FF85D8F}.Release|Any CPU.ActiveCfg = Release|Any CPU
		{E66AE403-C669-4FEE-A612-53E79FF85D8F}.Release|Any CPU.Build.0 = Release|Any CPU
		{E66AE403-C669-4FEE-A612-53E79FF85D8F}.Release|x64.ActiveCfg = Release|Any CPU
		{E66AE403-C669-4FEE-A612-53E79FF85D8F}.Release|x64.Build.0 = Release|Any CPU
		{E66AE403-C669-4FEE-A612-53E79FF85D8F}.Release|x86.ActiveCfg = Release|Any CPU
		{E66AE403-C669-4FEE-A612-53E79FF85D8F}.Release|x86.Build.0 = Release|Any CPU
		{DE20A46A-E7FD-4018-AE4D-8D8E1ED45779}.Debug|Any CPU.ActiveCfg = Debug|Any CPU
		{DE20A46A-E7FD-4018-AE4D-8D8E1ED45779}.Debug|Any CPU.Build.0 = Debug|Any CPU
		{DE20A46A-E7FD-4018-AE4D-8D8E1ED45779}.Debug|x64.ActiveCfg = Debug|Any CPU
		{DE20A46A-E7FD-4018-AE4D-8D8E1ED45779}.Debug|x64.Build.0 = Debug|Any CPU
		{DE20A46A-E7FD-4018-AE4D-8D8E1ED45779}.Debug|x86.ActiveCfg = Debug|Any CPU
		{DE20A46A-E7FD-4018-AE4D-8D8E1ED45779}.Debug|x86.Build.0 = Debug|Any CPU
		{DE20A46A-E7FD-4018-AE4D-8D8E1ED45779}.Release|Any CPU.ActiveCfg = Release|Any CPU
		{DE20A46A-E7FD-4018-AE4D-8D8E1ED45779}.Release|Any CPU.Build.0 = Release|Any CPU
		{DE20A46A-E7FD-4018-AE4D-8D8E1ED45779}.Release|x64.ActiveCfg = Release|Any CPU
		{DE20A46A-E7FD-4018-AE4D-8D8E1ED45779}.Release|x64.Build.0 = Release|Any CPU
		{DE20A46A-E7FD-4018-AE4D-8D8E1ED45779}.Release|x86.ActiveCfg = Release|Any CPU
		{DE20A46A-E7FD-4018-AE4D-8D8E1ED45779}.Release|x86.Build.0 = Release|Any CPU
		{1CC5A8B6-CF27-4063-9F70-4CB68786D106}.Debug|Any CPU.ActiveCfg = Debug|Any CPU
		{1CC5A8B6-CF27-4063-9F70-4CB68786D106}.Debug|Any CPU.Build.0 = Debug|Any CPU
		{1CC5A8B6-CF27-4063-9F70-4CB68786D106}.Debug|x64.ActiveCfg = Debug|Any CPU
		{1CC5A8B6-CF27-4063-9F70-4CB68786D106}.Debug|x64.Build.0 = Debug|Any CPU
		{1CC5A8B6-CF27-4063-9F70-4CB68786D106}.Debug|x86.ActiveCfg = Debug|Any CPU
		{1CC5A8B6-CF27-4063-9F70-4CB68786D106}.Debug|x86.Build.0 = Debug|Any CPU
		{1CC5A8B6-CF27-4063-9F70-4CB68786D106}.Release|Any CPU.ActiveCfg = Release|Any CPU
		{1CC5A8B6-CF27-4063-9F70-4CB68786D106}.Release|Any CPU.Build.0 = Release|Any CPU
		{1CC5A8B6-CF27-4063-9F70-4CB68786D106}.Release|x64.ActiveCfg = Release|Any CPU
		{1CC5A8B6-CF27-4063-9F70-4CB68786D106}.Release|x64.Build.0 = Release|Any CPU
		{1CC5A8B6-CF27-4063-9F70-4CB68786D106}.Release|x86.ActiveCfg = Release|Any CPU
		{1CC5A8B6-CF27-4063-9F70-4CB68786D106}.Release|x86.Build.0 = Release|Any CPU
		{A52CDC07-FD8B-4960-AF42-D3428A511401}.Debug|Any CPU.ActiveCfg = Debug|Win32
		{A52CDC07-FD8B-4960-AF42-D3428A511401}.Debug|x64.ActiveCfg = Debug|x64
		{A52CDC07-FD8B-4960-AF42-D3428A511401}.Debug|x64.Build.0 = Debug|x64
		{A52CDC07-FD8B-4960-AF42-D3428A511401}.Debug|x86.ActiveCfg = Debug|Win32
		{A52CDC07-FD8B-4960-AF42-D3428A511401}.Debug|x86.Build.0 = Debug|Win32
		{A52CDC07-FD8B-4960-AF42-D3428A511401}.Release|Any CPU.ActiveCfg = Release|Win32
		{A52CDC07-FD8B-4960-AF42-D3428A511401}.Release|x64.ActiveCfg = Release|x64
		{A52CDC07-FD8B-4960-AF42-D3428A511401}.Release|x64.Build.0 = Release|x64
		{A52CDC07-FD8B-4960-AF42-D3428A511401}.Release|x86.ActiveCfg = Release|Win32
		{A52CDC07-FD8B-4960-AF42-D3428A511401}.Release|x86.Build.0 = Release|Win32
	EndGlobalSection
	GlobalSection(SolutionProperties) = preSolution
		HideSolutionNode = FALSE
	EndGlobalSection
	GlobalSection(ExtensibilityGlobals) = postSolution
		SolutionGuid = {A3828AF9-02D2-4E90-B5A4-3890987AAE3A}
	EndGlobalSection
EndGlobal
