
Microsoft Visual Studio Solution File, Format Version 12.00
# Visual Studio Version 16
VisualStudioVersion = 16.0.28803.156
MinimumVisualStudioVersion = 10.0.40219.1
Project("{CC5FD16D-436D-48AD-A40C-5A424C6E3E79}") = "AzureCloudService", "AzureCloudService\AzureCloudService.ccproj", "{C1C74875-1555-4D3D-B86F-2D8019CA7BCF}"
EndProject
Project("{FAE04EC0-301F-11D3-BF4B-00C04F79EFBC}") = "WorkerRole", "WorkerRole\WorkerRole.csproj", "{1EE6329C-9E7C-406F-9206-3D65763B9457}"
EndProject
Project("{FAE04EC0-301F-11D3-BF4B-00C04F79EFBC}") = "Bell", "Bell\Bell.csproj", "{905E3F24-DEDA-49CA-85EA-87DC5DBE16AE}"
EndProject
Project("{FAE04EC0-301F-11D3-BF4B-00C04F79EFBC}") = "DatabaseManager", "DatabaseManager\DatabaseManager.csproj", "{673CE981-921B-4300-8DA3-DC0FE654EBD3}"
EndProject
Project("{FAE04EC0-301F-11D3-BF4B-00C04F79EFBC}") = "Lambda", "Lambda\Lambda.csproj", "{1DE73B9B-1153-4256-87D6-F7D5D234D7F3}"
EndProject
Project("{FAE04EC0-301F-11D3-BF4B-00C04F79EFBC}") = "VisomaReST", "VisomaReST\VisomaReST.csproj", "{E66AE403-C669-4FEE-A612-53E79FF85D8F}"
EndProject
Project("{FAE04EC0-301F-11D3-BF4B-00C04F79EFBC}") = "ExcelSqlAddIn", "ExcelSqlAddIn\ExcelSqlAddIn.csproj", "{DE20A46A-E7FD-4018-AE4D-8D8E1ED45779}"
EndProject
Project("{8BC9CEB8-8B4A-11D0-8D11-00A0C91BC942}") = "MessageBoxAlpha", "MessageBoxAlpha\MessageBoxAlpha.vcxproj", "{1AD2B6E8-E181-4309-9DC7-DEE96C4137CE}"
EndProject
Project("{8BC9CEB8-8B4A-11D0-8D11-00A0C91BC942}") = "MessageBoxBeta", "MessageBoxBeta\MessageBoxBeta.vcxproj", "{AA9E30C2-3F03-4BB2-9D14-77988D9203A8}"
EndProject
Project("{FAE04EC0-301F-11D3-BF4B-00C04F79EFBC}") = "MessageBoxConsole", "MessageBoxConsole\MessageBoxConsole.csproj", "{3BCACEE8-D39D-41A1-B185-F32AD52A6171}"
EndProject
Project("{8BC9CEB8-8B4A-11D0-8D11-00A0C91BC942}") = "MessageBoxCharlie", "MessageBoxCharlie\MessageBoxCharlie.vcxproj", "{B1260166-D2F2-4E3E-BDFF-29EAAFC2471F}"
EndProject
Project("{8BC9CEB8-8B4A-11D0-8D11-00A0C91BC942}") = "MessageBoxCharlieWrapper", "MessageBoxCharlieWrapper\MessageBoxCharlieWrapper.vcxproj", "{A660071D-47E1-4C81-8270-EAB92C22B616}"
EndProject
Project("{FAE04EC0-301F-11D3-BF4B-00C04F79EFBC}") = "DeltaLoopUnitTest", "DeltaLoopUnitTest\DeltaLoopUnitTest.csproj", "{73041A89-03CD-4EBA-BCD5-5FF4D7279336}"
EndProject
Project("{8BC9CEB8-8B4A-11D0-8D11-00A0C91BC942}") = "DeltaLoopSource", "DeltaLoopSource\DeltaLoopSource.vcxproj", "{96F5782B-2CFA-4C27-8603-4DF40EF671AD}"
EndProject
Project("{8BC9CEB8-8B4A-11D0-8D11-00A0C91BC942}") = "DeltaLoop", "DeltaLoop\DeltaLoop.vcxproj", "{C8FDD270-AA92-4401-86E4-585BB769A7FC}"
EndProject
Project("{FAE04EC0-301F-11D3-BF4B-00C04F79EFBC}") = "UnitTestEcho", "UnitTestEcho\UnitTestEcho.csproj", "{AA9DDD6D-17AB-43CB-87E3-B4B648CD8301}"
EndProject
Project("{FAE04EC0-301F-11D3-BF4B-00C04F79EFBC}") = "EchoComponent", "EchoComponent\EchoComponent.csproj", "{4E5F22C6-68A7-4D84-AC71-A6D4C4F53715}"
EndProject
Project("{8BC9CEB8-8B4A-11D0-8D11-00A0C91BC942}") = "EchoSocket", "EchoSocket\EchoSocket.vcxproj", "{273BF5D0-1FC0-4C43-BA78-EB151F5AE97C}"
EndProject
Project("{9A19103F-16F7-4668-BE54-9A1E7A4F7556}") = "CustomControlTest", "CustomControlTest\CustomControlTest.csproj", "{647C1D48-DC58-46A3-9DE7-48FAD4D8A5AE}"
EndProject
Project("{9A19103F-16F7-4668-BE54-9A1E7A4F7556}") = "VideoPlayer", "VideoPlayer\VideoPlayer.csproj", "{3299998F-6E2D-41B4-B0E1-8243F89D471E}"
EndProject
Project("{9A19103F-16F7-4668-BE54-9A1E7A4F7556}") = "InterfaceAction", "InterfaceAction\InterfaceAction.csproj", "{7E6A4B15-7951-4862-B73B-FF8038D1A932}"
EndProject
Project("{9A19103F-16F7-4668-BE54-9A1E7A4F7556}") = "GrpcGreeter", "GrpcGreeter\GrpcGreeter.csproj", "{71A3948F-0714-44B2-A32E-199484232ADE}"
EndProject
Project("{9A19103F-16F7-4668-BE54-9A1E7A4F7556}") = "GrpcGreeterClient", "GrpcGreeterClient\GrpcGreeterClient.csproj", "{F9FBB713-FFC3-436E-B640-10EECB1110A7}"
EndProject
Project("{FAE04EC0-301F-11D3-BF4B-00C04F79EFBC}") = "CertConsoleApp", "CertConsoleApp\CertConsoleApp.csproj", "{6EB46FE4-4512-41BB-92E9-A7F7448A3F7E}"
EndProject
Global
	GlobalSection(SolutionConfigurationPlatforms) = preSolution
		Debug|Any CPU = Debug|Any CPU
		Debug|ARM = Debug|ARM
		Debug|ARM64 = Debug|ARM64
		Debug|x64 = Debug|x64
		Debug|x86 = Debug|x86
		Release|Any CPU = Release|Any CPU
		Release|ARM = Release|ARM
		Release|ARM64 = Release|ARM64
		Release|x64 = Release|x64
		Release|x86 = Release|x86
	EndGlobalSection
	GlobalSection(ProjectConfigurationPlatforms) = postSolution
		{C1C74875-1555-4D3D-B86F-2D8019CA7BCF}.Debug|Any CPU.ActiveCfg = Debug|Any CPU
		{C1C74875-1555-4D3D-B86F-2D8019CA7BCF}.Debug|Any CPU.Build.0 = Debug|Any CPU
		{C1C74875-1555-4D3D-B86F-2D8019CA7BCF}.Debug|ARM.ActiveCfg = Debug|Any CPU
		{C1C74875-1555-4D3D-B86F-2D8019CA7BCF}.Debug|ARM.Build.0 = Debug|Any CPU
		{C1C74875-1555-4D3D-B86F-2D8019CA7BCF}.Debug|ARM64.ActiveCfg = Debug|Any CPU
		{C1C74875-1555-4D3D-B86F-2D8019CA7BCF}.Debug|ARM64.Build.0 = Debug|Any CPU
		{C1C74875-1555-4D3D-B86F-2D8019CA7BCF}.Debug|x64.ActiveCfg = Debug|Any CPU
		{C1C74875-1555-4D3D-B86F-2D8019CA7BCF}.Debug|x64.Build.0 = Debug|Any CPU
		{C1C74875-1555-4D3D-B86F-2D8019CA7BCF}.Debug|x86.ActiveCfg = Debug|Any CPU
		{C1C74875-1555-4D3D-B86F-2D8019CA7BCF}.Debug|x86.Build.0 = Debug|Any CPU
		{C1C74875-1555-4D3D-B86F-2D8019CA7BCF}.Release|Any CPU.ActiveCfg = Release|Any CPU
		{C1C74875-1555-4D3D-B86F-2D8019CA7BCF}.Release|Any CPU.Build.0 = Release|Any CPU
		{C1C74875-1555-4D3D-B86F-2D8019CA7BCF}.Release|ARM.ActiveCfg = Release|Any CPU
		{C1C74875-1555-4D3D-B86F-2D8019CA7BCF}.Release|ARM.Build.0 = Release|Any CPU
		{C1C74875-1555-4D3D-B86F-2D8019CA7BCF}.Release|ARM64.ActiveCfg = Release|Any CPU
		{C1C74875-1555-4D3D-B86F-2D8019CA7BCF}.Release|ARM64.Build.0 = Release|Any CPU
		{C1C74875-1555-4D3D-B86F-2D8019CA7BCF}.Release|x64.ActiveCfg = Release|Any CPU
		{C1C74875-1555-4D3D-B86F-2D8019CA7BCF}.Release|x64.Build.0 = Release|Any CPU
		{C1C74875-1555-4D3D-B86F-2D8019CA7BCF}.Release|x86.ActiveCfg = Release|Any CPU
		{C1C74875-1555-4D3D-B86F-2D8019CA7BCF}.Release|x86.Build.0 = Release|Any CPU
		{1EE6329C-9E7C-406F-9206-3D65763B9457}.Debug|Any CPU.ActiveCfg = Debug|Any CPU
		{1EE6329C-9E7C-406F-9206-3D65763B9457}.Debug|Any CPU.Build.0 = Debug|Any CPU
		{1EE6329C-9E7C-406F-9206-3D65763B9457}.Debug|ARM.ActiveCfg = Debug|Any CPU
		{1EE6329C-9E7C-406F-9206-3D65763B9457}.Debug|ARM.Build.0 = Debug|Any CPU
		{1EE6329C-9E7C-406F-9206-3D65763B9457}.Debug|ARM64.ActiveCfg = Debug|Any CPU
		{1EE6329C-9E7C-406F-9206-3D65763B9457}.Debug|ARM64.Build.0 = Debug|Any CPU
		{1EE6329C-9E7C-406F-9206-3D65763B9457}.Debug|x64.ActiveCfg = Debug|Any CPU
		{1EE6329C-9E7C-406F-9206-3D65763B9457}.Debug|x64.Build.0 = Debug|Any CPU
		{1EE6329C-9E7C-406F-9206-3D65763B9457}.Debug|x86.ActiveCfg = Debug|Any CPU
		{1EE6329C-9E7C-406F-9206-3D65763B9457}.Debug|x86.Build.0 = Debug|Any CPU
		{1EE6329C-9E7C-406F-9206-3D65763B9457}.Release|Any CPU.ActiveCfg = Release|Any CPU
		{1EE6329C-9E7C-406F-9206-3D65763B9457}.Release|Any CPU.Build.0 = Release|Any CPU
		{1EE6329C-9E7C-406F-9206-3D65763B9457}.Release|ARM.ActiveCfg = Release|Any CPU
		{1EE6329C-9E7C-406F-9206-3D65763B9457}.Release|ARM.Build.0 = Release|Any CPU
		{1EE6329C-9E7C-406F-9206-3D65763B9457}.Release|ARM64.ActiveCfg = Release|Any CPU
		{1EE6329C-9E7C-406F-9206-3D65763B9457}.Release|ARM64.Build.0 = Release|Any CPU
		{1EE6329C-9E7C-406F-9206-3D65763B9457}.Release|x64.ActiveCfg = Release|Any CPU
		{1EE6329C-9E7C-406F-9206-3D65763B9457}.Release|x64.Build.0 = Release|Any CPU
		{1EE6329C-9E7C-406F-9206-3D65763B9457}.Release|x86.ActiveCfg = Release|Any CPU
		{1EE6329C-9E7C-406F-9206-3D65763B9457}.Release|x86.Build.0 = Release|Any CPU
		{905E3F24-DEDA-49CA-85EA-87DC5DBE16AE}.Debug|Any CPU.ActiveCfg = Debug|Any CPU
		{905E3F24-DEDA-49CA-85EA-87DC5DBE16AE}.Debug|Any CPU.Build.0 = Debug|Any CPU
		{905E3F24-DEDA-49CA-85EA-87DC5DBE16AE}.Debug|ARM.ActiveCfg = Debug|Any CPU
		{905E3F24-DEDA-49CA-85EA-87DC5DBE16AE}.Debug|ARM.Build.0 = Debug|Any CPU
		{905E3F24-DEDA-49CA-85EA-87DC5DBE16AE}.Debug|ARM64.ActiveCfg = Debug|Any CPU
		{905E3F24-DEDA-49CA-85EA-87DC5DBE16AE}.Debug|ARM64.Build.0 = Debug|Any CPU
		{905E3F24-DEDA-49CA-85EA-87DC5DBE16AE}.Debug|x64.ActiveCfg = Debug|Any CPU
		{905E3F24-DEDA-49CA-85EA-87DC5DBE16AE}.Debug|x64.Build.0 = Debug|Any CPU
		{905E3F24-DEDA-49CA-85EA-87DC5DBE16AE}.Debug|x86.ActiveCfg = Debug|Any CPU
		{905E3F24-DEDA-49CA-85EA-87DC5DBE16AE}.Debug|x86.Build.0 = Debug|Any CPU
		{905E3F24-DEDA-49CA-85EA-87DC5DBE16AE}.Release|Any CPU.ActiveCfg = Release|Any CPU
		{905E3F24-DEDA-49CA-85EA-87DC5DBE16AE}.Release|Any CPU.Build.0 = Release|Any CPU
		{905E3F24-DEDA-49CA-85EA-87DC5DBE16AE}.Release|ARM.ActiveCfg = Release|Any CPU
		{905E3F24-DEDA-49CA-85EA-87DC5DBE16AE}.Release|ARM.Build.0 = Release|Any CPU
		{905E3F24-DEDA-49CA-85EA-87DC5DBE16AE}.Release|ARM64.ActiveCfg = Release|Any CPU
		{905E3F24-DEDA-49CA-85EA-87DC5DBE16AE}.Release|ARM64.Build.0 = Release|Any CPU
		{905E3F24-DEDA-49CA-85EA-87DC5DBE16AE}.Release|x64.ActiveCfg = Release|Any CPU
		{905E3F24-DEDA-49CA-85EA-87DC5DBE16AE}.Release|x64.Build.0 = Release|Any CPU
		{905E3F24-DEDA-49CA-85EA-87DC5DBE16AE}.Release|x86.ActiveCfg = Release|Any CPU
		{905E3F24-DEDA-49CA-85EA-87DC5DBE16AE}.Release|x86.Build.0 = Release|Any CPU
		{673CE981-921B-4300-8DA3-DC0FE654EBD3}.Debug|Any CPU.ActiveCfg = Debug|Any CPU
		{673CE981-921B-4300-8DA3-DC0FE654EBD3}.Debug|Any CPU.Build.0 = Debug|Any CPU
		{673CE981-921B-4300-8DA3-DC0FE654EBD3}.Debug|ARM.ActiveCfg = Debug|Any CPU
		{673CE981-921B-4300-8DA3-DC0FE654EBD3}.Debug|ARM.Build.0 = Debug|Any CPU
		{673CE981-921B-4300-8DA3-DC0FE654EBD3}.Debug|ARM64.ActiveCfg = Debug|Any CPU
		{673CE981-921B-4300-8DA3-DC0FE654EBD3}.Debug|ARM64.Build.0 = Debug|Any CPU
		{673CE981-921B-4300-8DA3-DC0FE654EBD3}.Debug|x64.ActiveCfg = Debug|Any CPU
		{673CE981-921B-4300-8DA3-DC0FE654EBD3}.Debug|x64.Build.0 = Debug|Any CPU
		{673CE981-921B-4300-8DA3-DC0FE654EBD3}.Debug|x86.ActiveCfg = Debug|Any CPU
		{673CE981-921B-4300-8DA3-DC0FE654EBD3}.Debug|x86.Build.0 = Debug|Any CPU
		{673CE981-921B-4300-8DA3-DC0FE654EBD3}.Release|Any CPU.ActiveCfg = Release|Any CPU
		{673CE981-921B-4300-8DA3-DC0FE654EBD3}.Release|Any CPU.Build.0 = Release|Any CPU
		{673CE981-921B-4300-8DA3-DC0FE654EBD3}.Release|ARM.ActiveCfg = Release|Any CPU
		{673CE981-921B-4300-8DA3-DC0FE654EBD3}.Release|ARM.Build.0 = Release|Any CPU
		{673CE981-921B-4300-8DA3-DC0FE654EBD3}.Release|ARM64.ActiveCfg = Release|Any CPU
		{673CE981-921B-4300-8DA3-DC0FE654EBD3}.Release|ARM64.Build.0 = Release|Any CPU
		{673CE981-921B-4300-8DA3-DC0FE654EBD3}.Release|x64.ActiveCfg = Release|Any CPU
		{673CE981-921B-4300-8DA3-DC0FE654EBD3}.Release|x64.Build.0 = Release|Any CPU
		{673CE981-921B-4300-8DA3-DC0FE654EBD3}.Release|x86.ActiveCfg = Release|Any CPU
		{673CE981-921B-4300-8DA3-DC0FE654EBD3}.Release|x86.Build.0 = Release|Any CPU
		{1DE73B9B-1153-4256-87D6-F7D5D234D7F3}.Debug|Any CPU.ActiveCfg = Debug|Any CPU
		{1DE73B9B-1153-4256-87D6-F7D5D234D7F3}.Debug|Any CPU.Build.0 = Debug|Any CPU
		{1DE73B9B-1153-4256-87D6-F7D5D234D7F3}.Debug|ARM.ActiveCfg = Debug|Any CPU
		{1DE73B9B-1153-4256-87D6-F7D5D234D7F3}.Debug|ARM.Build.0 = Debug|Any CPU
		{1DE73B9B-1153-4256-87D6-F7D5D234D7F3}.Debug|ARM64.ActiveCfg = Debug|Any CPU
		{1DE73B9B-1153-4256-87D6-F7D5D234D7F3}.Debug|ARM64.Build.0 = Debug|Any CPU
		{1DE73B9B-1153-4256-87D6-F7D5D234D7F3}.Debug|x64.ActiveCfg = Debug|Any CPU
		{1DE73B9B-1153-4256-87D6-F7D5D234D7F3}.Debug|x64.Build.0 = Debug|Any CPU
		{1DE73B9B-1153-4256-87D6-F7D5D234D7F3}.Debug|x86.ActiveCfg = Debug|Any CPU
		{1DE73B9B-1153-4256-87D6-F7D5D234D7F3}.Debug|x86.Build.0 = Debug|Any CPU
		{1DE73B9B-1153-4256-87D6-F7D5D234D7F3}.Release|Any CPU.ActiveCfg = Release|Any CPU
		{1DE73B9B-1153-4256-87D6-F7D5D234D7F3}.Release|Any CPU.Build.0 = Release|Any CPU
		{1DE73B9B-1153-4256-87D6-F7D5D234D7F3}.Release|ARM.ActiveCfg = Release|Any CPU
		{1DE73B9B-1153-4256-87D6-F7D5D234D7F3}.Release|ARM.Build.0 = Release|Any CPU
		{1DE73B9B-1153-4256-87D6-F7D5D234D7F3}.Release|ARM64.ActiveCfg = Release|Any CPU
		{1DE73B9B-1153-4256-87D6-F7D5D234D7F3}.Release|ARM64.Build.0 = Release|Any CPU
		{1DE73B9B-1153-4256-87D6-F7D5D234D7F3}.Release|x64.ActiveCfg = Release|Any CPU
		{1DE73B9B-1153-4256-87D6-F7D5D234D7F3}.Release|x64.Build.0 = Release|Any CPU
		{1DE73B9B-1153-4256-87D6-F7D5D234D7F3}.Release|x86.ActiveCfg = Release|Any CPU
		{1DE73B9B-1153-4256-87D6-F7D5D234D7F3}.Release|x86.Build.0 = Release|Any CPU
		{E66AE403-C669-4FEE-A612-53E79FF85D8F}.Debug|Any CPU.ActiveCfg = Debug|Any CPU
		{E66AE403-C669-4FEE-A612-53E79FF85D8F}.Debug|Any CPU.Build.0 = Debug|Any CPU
		{E66AE403-C669-4FEE-A612-53E79FF85D8F}.Debug|ARM.ActiveCfg = Debug|Any CPU
		{E66AE403-C669-4FEE-A612-53E79FF85D8F}.Debug|ARM.Build.0 = Debug|Any CPU
		{E66AE403-C669-4FEE-A612-53E79FF85D8F}.Debug|ARM64.ActiveCfg = Debug|Any CPU
		{E66AE403-C669-4FEE-A612-53E79FF85D8F}.Debug|ARM64.Build.0 = Debug|Any CPU
		{E66AE403-C669-4FEE-A612-53E79FF85D8F}.Debug|x64.ActiveCfg = Debug|Any CPU
		{E66AE403-C669-4FEE-A612-53E79FF85D8F}.Debug|x64.Build.0 = Debug|Any CPU
		{E66AE403-C669-4FEE-A612-53E79FF85D8F}.Debug|x86.ActiveCfg = Debug|Any CPU
		{E66AE403-C669-4FEE-A612-53E79FF85D8F}.Debug|x86.Build.0 = Debug|Any CPU
		{E66AE403-C669-4FEE-A612-53E79FF85D8F}.Release|Any CPU.ActiveCfg = Release|Any CPU
		{E66AE403-C669-4FEE-A612-53E79FF85D8F}.Release|Any CPU.Build.0 = Release|Any CPU
		{E66AE403-C669-4FEE-A612-53E79FF85D8F}.Release|ARM.ActiveCfg = Release|Any CPU
		{E66AE403-C669-4FEE-A612-53E79FF85D8F}.Release|ARM.Build.0 = Release|Any CPU
		{E66AE403-C669-4FEE-A612-53E79FF85D8F}.Release|ARM64.ActiveCfg = Release|Any CPU
		{E66AE403-C669-4FEE-A612-53E79FF85D8F}.Release|ARM64.Build.0 = Release|Any CPU
		{E66AE403-C669-4FEE-A612-53E79FF85D8F}.Release|x64.ActiveCfg = Release|Any CPU
		{E66AE403-C669-4FEE-A612-53E79FF85D8F}.Release|x64.Build.0 = Release|Any CPU
		{E66AE403-C669-4FEE-A612-53E79FF85D8F}.Release|x86.ActiveCfg = Release|Any CPU
		{E66AE403-C669-4FEE-A612-53E79FF85D8F}.Release|x86.Build.0 = Release|Any CPU
		{DE20A46A-E7FD-4018-AE4D-8D8E1ED45779}.Debug|Any CPU.ActiveCfg = Debug|Any CPU
		{DE20A46A-E7FD-4018-AE4D-8D8E1ED45779}.Debug|Any CPU.Build.0 = Debug|Any CPU
		{DE20A46A-E7FD-4018-AE4D-8D8E1ED45779}.Debug|ARM.ActiveCfg = Debug|Any CPU
		{DE20A46A-E7FD-4018-AE4D-8D8E1ED45779}.Debug|ARM.Build.0 = Debug|Any CPU
		{DE20A46A-E7FD-4018-AE4D-8D8E1ED45779}.Debug|ARM64.ActiveCfg = Debug|Any CPU
		{DE20A46A-E7FD-4018-AE4D-8D8E1ED45779}.Debug|ARM64.Build.0 = Debug|Any CPU
		{DE20A46A-E7FD-4018-AE4D-8D8E1ED45779}.Debug|x64.ActiveCfg = Debug|Any CPU
		{DE20A46A-E7FD-4018-AE4D-8D8E1ED45779}.Debug|x64.Build.0 = Debug|Any CPU
		{DE20A46A-E7FD-4018-AE4D-8D8E1ED45779}.Debug|x86.ActiveCfg = Debug|Any CPU
		{DE20A46A-E7FD-4018-AE4D-8D8E1ED45779}.Debug|x86.Build.0 = Debug|Any CPU
		{DE20A46A-E7FD-4018-AE4D-8D8E1ED45779}.Release|Any CPU.ActiveCfg = Release|Any CPU
		{DE20A46A-E7FD-4018-AE4D-8D8E1ED45779}.Release|Any CPU.Build.0 = Release|Any CPU
		{DE20A46A-E7FD-4018-AE4D-8D8E1ED45779}.Release|ARM.ActiveCfg = Release|Any CPU
		{DE20A46A-E7FD-4018-AE4D-8D8E1ED45779}.Release|ARM.Build.0 = Release|Any CPU
		{DE20A46A-E7FD-4018-AE4D-8D8E1ED45779}.Release|ARM64.ActiveCfg = Release|Any CPU
		{DE20A46A-E7FD-4018-AE4D-8D8E1ED45779}.Release|ARM64.Build.0 = Release|Any CPU
		{DE20A46A-E7FD-4018-AE4D-8D8E1ED45779}.Release|x64.ActiveCfg = Release|Any CPU
		{DE20A46A-E7FD-4018-AE4D-8D8E1ED45779}.Release|x64.Build.0 = Release|Any CPU
		{DE20A46A-E7FD-4018-AE4D-8D8E1ED45779}.Release|x86.ActiveCfg = Release|Any CPU
		{DE20A46A-E7FD-4018-AE4D-8D8E1ED45779}.Release|x86.Build.0 = Release|Any CPU
		{1AD2B6E8-E181-4309-9DC7-DEE96C4137CE}.Debug|Any CPU.ActiveCfg = Debug|Win32
		{1AD2B6E8-E181-4309-9DC7-DEE96C4137CE}.Debug|ARM.ActiveCfg = Debug|Win32
		{1AD2B6E8-E181-4309-9DC7-DEE96C4137CE}.Debug|ARM64.ActiveCfg = Debug|Win32
		{1AD2B6E8-E181-4309-9DC7-DEE96C4137CE}.Debug|x64.ActiveCfg = Debug|x64
		{1AD2B6E8-E181-4309-9DC7-DEE96C4137CE}.Debug|x64.Build.0 = Debug|x64
		{1AD2B6E8-E181-4309-9DC7-DEE96C4137CE}.Debug|x86.ActiveCfg = Debug|Win32
		{1AD2B6E8-E181-4309-9DC7-DEE96C4137CE}.Debug|x86.Build.0 = Debug|Win32
		{1AD2B6E8-E181-4309-9DC7-DEE96C4137CE}.Release|Any CPU.ActiveCfg = Release|Win32
		{1AD2B6E8-E181-4309-9DC7-DEE96C4137CE}.Release|ARM.ActiveCfg = Release|Win32
		{1AD2B6E8-E181-4309-9DC7-DEE96C4137CE}.Release|ARM64.ActiveCfg = Release|Win32
		{1AD2B6E8-E181-4309-9DC7-DEE96C4137CE}.Release|x64.ActiveCfg = Release|x64
		{1AD2B6E8-E181-4309-9DC7-DEE96C4137CE}.Release|x64.Build.0 = Release|x64
		{1AD2B6E8-E181-4309-9DC7-DEE96C4137CE}.Release|x86.ActiveCfg = Release|Win32
		{1AD2B6E8-E181-4309-9DC7-DEE96C4137CE}.Release|x86.Build.0 = Release|Win32
		{AA9E30C2-3F03-4BB2-9D14-77988D9203A8}.Debug|Any CPU.ActiveCfg = Debug|Win32
		{AA9E30C2-3F03-4BB2-9D14-77988D9203A8}.Debug|ARM.ActiveCfg = Debug|Win32
		{AA9E30C2-3F03-4BB2-9D14-77988D9203A8}.Debug|ARM64.ActiveCfg = Debug|Win32
		{AA9E30C2-3F03-4BB2-9D14-77988D9203A8}.Debug|x64.ActiveCfg = Debug|x64
		{AA9E30C2-3F03-4BB2-9D14-77988D9203A8}.Debug|x64.Build.0 = Debug|x64
		{AA9E30C2-3F03-4BB2-9D14-77988D9203A8}.Debug|x86.ActiveCfg = Debug|Win32
		{AA9E30C2-3F03-4BB2-9D14-77988D9203A8}.Debug|x86.Build.0 = Debug|Win32
		{AA9E30C2-3F03-4BB2-9D14-77988D9203A8}.Release|Any CPU.ActiveCfg = Release|Win32
		{AA9E30C2-3F03-4BB2-9D14-77988D9203A8}.Release|ARM.ActiveCfg = Release|Win32
		{AA9E30C2-3F03-4BB2-9D14-77988D9203A8}.Release|ARM64.ActiveCfg = Release|Win32
		{AA9E30C2-3F03-4BB2-9D14-77988D9203A8}.Release|x64.ActiveCfg = Release|x64
		{AA9E30C2-3F03-4BB2-9D14-77988D9203A8}.Release|x64.Build.0 = Release|x64
		{AA9E30C2-3F03-4BB2-9D14-77988D9203A8}.Release|x86.ActiveCfg = Release|Win32
		{AA9E30C2-3F03-4BB2-9D14-77988D9203A8}.Release|x86.Build.0 = Release|Win32
		{3BCACEE8-D39D-41A1-B185-F32AD52A6171}.Debug|Any CPU.ActiveCfg = Debug|Any CPU
		{3BCACEE8-D39D-41A1-B185-F32AD52A6171}.Debug|Any CPU.Build.0 = Debug|Any CPU
		{3BCACEE8-D39D-41A1-B185-F32AD52A6171}.Debug|ARM.ActiveCfg = Debug|Any CPU
		{3BCACEE8-D39D-41A1-B185-F32AD52A6171}.Debug|ARM.Build.0 = Debug|Any CPU
		{3BCACEE8-D39D-41A1-B185-F32AD52A6171}.Debug|ARM64.ActiveCfg = Debug|Any CPU
		{3BCACEE8-D39D-41A1-B185-F32AD52A6171}.Debug|ARM64.Build.0 = Debug|Any CPU
		{3BCACEE8-D39D-41A1-B185-F32AD52A6171}.Debug|x64.ActiveCfg = Debug|Any CPU
		{3BCACEE8-D39D-41A1-B185-F32AD52A6171}.Debug|x64.Build.0 = Debug|Any CPU
		{3BCACEE8-D39D-41A1-B185-F32AD52A6171}.Debug|x86.ActiveCfg = Debug|Any CPU
		{3BCACEE8-D39D-41A1-B185-F32AD52A6171}.Debug|x86.Build.0 = Debug|Any CPU
		{3BCACEE8-D39D-41A1-B185-F32AD52A6171}.Release|Any CPU.ActiveCfg = Release|Any CPU
		{3BCACEE8-D39D-41A1-B185-F32AD52A6171}.Release|Any CPU.Build.0 = Release|Any CPU
		{3BCACEE8-D39D-41A1-B185-F32AD52A6171}.Release|ARM.ActiveCfg = Release|Any CPU
		{3BCACEE8-D39D-41A1-B185-F32AD52A6171}.Release|ARM.Build.0 = Release|Any CPU
		{3BCACEE8-D39D-41A1-B185-F32AD52A6171}.Release|ARM64.ActiveCfg = Release|Any CPU
		{3BCACEE8-D39D-41A1-B185-F32AD52A6171}.Release|ARM64.Build.0 = Release|Any CPU
		{3BCACEE8-D39D-41A1-B185-F32AD52A6171}.Release|x64.ActiveCfg = Release|Any CPU
		{3BCACEE8-D39D-41A1-B185-F32AD52A6171}.Release|x64.Build.0 = Release|Any CPU
		{3BCACEE8-D39D-41A1-B185-F32AD52A6171}.Release|x86.ActiveCfg = Release|Any CPU
		{3BCACEE8-D39D-41A1-B185-F32AD52A6171}.Release|x86.Build.0 = Release|Any CPU
		{B1260166-D2F2-4E3E-BDFF-29EAAFC2471F}.Debug|Any CPU.ActiveCfg = Debug|Win32
		{B1260166-D2F2-4E3E-BDFF-29EAAFC2471F}.Debug|ARM.ActiveCfg = Debug|Win32
		{B1260166-D2F2-4E3E-BDFF-29EAAFC2471F}.Debug|ARM64.ActiveCfg = Debug|Win32
		{B1260166-D2F2-4E3E-BDFF-29EAAFC2471F}.Debug|x64.ActiveCfg = Debug|x64
		{B1260166-D2F2-4E3E-BDFF-29EAAFC2471F}.Debug|x64.Build.0 = Debug|x64
		{B1260166-D2F2-4E3E-BDFF-29EAAFC2471F}.Debug|x86.ActiveCfg = Debug|Win32
		{B1260166-D2F2-4E3E-BDFF-29EAAFC2471F}.Debug|x86.Build.0 = Debug|Win32
		{B1260166-D2F2-4E3E-BDFF-29EAAFC2471F}.Release|Any CPU.ActiveCfg = Release|Win32
		{B1260166-D2F2-4E3E-BDFF-29EAAFC2471F}.Release|ARM.ActiveCfg = Release|Win32
		{B1260166-D2F2-4E3E-BDFF-29EAAFC2471F}.Release|ARM64.ActiveCfg = Release|Win32
		{B1260166-D2F2-4E3E-BDFF-29EAAFC2471F}.Release|x64.ActiveCfg = Release|x64
		{B1260166-D2F2-4E3E-BDFF-29EAAFC2471F}.Release|x64.Build.0 = Release|x64
		{B1260166-D2F2-4E3E-BDFF-29EAAFC2471F}.Release|x86.ActiveCfg = Release|Win32
		{B1260166-D2F2-4E3E-BDFF-29EAAFC2471F}.Release|x86.Build.0 = Release|Win32
		{A660071D-47E1-4C81-8270-EAB92C22B616}.Debug|Any CPU.ActiveCfg = Debug|Win32
		{A660071D-47E1-4C81-8270-EAB92C22B616}.Debug|ARM.ActiveCfg = Debug|Win32
		{A660071D-47E1-4C81-8270-EAB92C22B616}.Debug|ARM64.ActiveCfg = Debug|Win32
		{A660071D-47E1-4C81-8270-EAB92C22B616}.Debug|x64.ActiveCfg = Debug|x64
		{A660071D-47E1-4C81-8270-EAB92C22B616}.Debug|x64.Build.0 = Debug|x64
		{A660071D-47E1-4C81-8270-EAB92C22B616}.Debug|x86.ActiveCfg = Debug|Win32
		{A660071D-47E1-4C81-8270-EAB92C22B616}.Debug|x86.Build.0 = Debug|Win32
		{A660071D-47E1-4C81-8270-EAB92C22B616}.Release|Any CPU.ActiveCfg = Release|Win32
		{A660071D-47E1-4C81-8270-EAB92C22B616}.Release|ARM.ActiveCfg = Release|Win32
		{A660071D-47E1-4C81-8270-EAB92C22B616}.Release|ARM64.ActiveCfg = Release|Win32
		{A660071D-47E1-4C81-8270-EAB92C22B616}.Release|x64.ActiveCfg = Release|x64
		{A660071D-47E1-4C81-8270-EAB92C22B616}.Release|x64.Build.0 = Release|x64
		{A660071D-47E1-4C81-8270-EAB92C22B616}.Release|x86.ActiveCfg = Release|Win32
		{A660071D-47E1-4C81-8270-EAB92C22B616}.Release|x86.Build.0 = Release|Win32
		{73041A89-03CD-4EBA-BCD5-5FF4D7279336}.Debug|Any CPU.ActiveCfg = Debug|x86
		{73041A89-03CD-4EBA-BCD5-5FF4D7279336}.Debug|ARM.ActiveCfg = Debug|ARM
		{73041A89-03CD-4EBA-BCD5-5FF4D7279336}.Debug|ARM.Build.0 = Debug|ARM
		{73041A89-03CD-4EBA-BCD5-5FF4D7279336}.Debug|ARM.Deploy.0 = Debug|ARM
		{73041A89-03CD-4EBA-BCD5-5FF4D7279336}.Debug|ARM64.ActiveCfg = Debug|ARM64
		{73041A89-03CD-4EBA-BCD5-5FF4D7279336}.Debug|ARM64.Build.0 = Debug|ARM64
		{73041A89-03CD-4EBA-BCD5-5FF4D7279336}.Debug|ARM64.Deploy.0 = Debug|ARM64
		{73041A89-03CD-4EBA-BCD5-5FF4D7279336}.Debug|x64.ActiveCfg = Debug|x64
		{73041A89-03CD-4EBA-BCD5-5FF4D7279336}.Debug|x64.Build.0 = Debug|x64
		{73041A89-03CD-4EBA-BCD5-5FF4D7279336}.Debug|x64.Deploy.0 = Debug|x64
		{73041A89-03CD-4EBA-BCD5-5FF4D7279336}.Debug|x86.ActiveCfg = Debug|x86
		{73041A89-03CD-4EBA-BCD5-5FF4D7279336}.Debug|x86.Build.0 = Debug|x86
		{73041A89-03CD-4EBA-BCD5-5FF4D7279336}.Debug|x86.Deploy.0 = Debug|x86
		{73041A89-03CD-4EBA-BCD5-5FF4D7279336}.Release|Any CPU.ActiveCfg = Release|x86
		{73041A89-03CD-4EBA-BCD5-5FF4D7279336}.Release|ARM.ActiveCfg = Release|ARM
		{73041A89-03CD-4EBA-BCD5-5FF4D7279336}.Release|ARM.Build.0 = Release|ARM
		{73041A89-03CD-4EBA-BCD5-5FF4D7279336}.Release|ARM.Deploy.0 = Release|ARM
		{73041A89-03CD-4EBA-BCD5-5FF4D7279336}.Release|ARM64.ActiveCfg = Release|ARM64
		{73041A89-03CD-4EBA-BCD5-5FF4D7279336}.Release|ARM64.Build.0 = Release|ARM64
		{73041A89-03CD-4EBA-BCD5-5FF4D7279336}.Release|ARM64.Deploy.0 = Release|ARM64
		{73041A89-03CD-4EBA-BCD5-5FF4D7279336}.Release|x64.ActiveCfg = Release|x64
		{73041A89-03CD-4EBA-BCD5-5FF4D7279336}.Release|x64.Build.0 = Release|x64
		{73041A89-03CD-4EBA-BCD5-5FF4D7279336}.Release|x64.Deploy.0 = Release|x64
		{73041A89-03CD-4EBA-BCD5-5FF4D7279336}.Release|x86.ActiveCfg = Release|x86
		{73041A89-03CD-4EBA-BCD5-5FF4D7279336}.Release|x86.Build.0 = Release|x86
		{73041A89-03CD-4EBA-BCD5-5FF4D7279336}.Release|x86.Deploy.0 = Release|x86
		{96F5782B-2CFA-4C27-8603-4DF40EF671AD}.Debug|Any CPU.ActiveCfg = Debug|Win32
		{96F5782B-2CFA-4C27-8603-4DF40EF671AD}.Debug|ARM.ActiveCfg = Debug|ARM
		{96F5782B-2CFA-4C27-8603-4DF40EF671AD}.Debug|ARM.Build.0 = Debug|ARM
		{96F5782B-2CFA-4C27-8603-4DF40EF671AD}.Debug|ARM64.ActiveCfg = Debug|Win32
		{96F5782B-2CFA-4C27-8603-4DF40EF671AD}.Debug|x64.ActiveCfg = Debug|x64
		{96F5782B-2CFA-4C27-8603-4DF40EF671AD}.Debug|x64.Build.0 = Debug|x64
		{96F5782B-2CFA-4C27-8603-4DF40EF671AD}.Debug|x86.ActiveCfg = Debug|Win32
		{96F5782B-2CFA-4C27-8603-4DF40EF671AD}.Debug|x86.Build.0 = Debug|Win32
		{96F5782B-2CFA-4C27-8603-4DF40EF671AD}.Release|Any CPU.ActiveCfg = Release|Win32
		{96F5782B-2CFA-4C27-8603-4DF40EF671AD}.Release|ARM.ActiveCfg = Release|ARM
		{96F5782B-2CFA-4C27-8603-4DF40EF671AD}.Release|ARM.Build.0 = Release|ARM
		{96F5782B-2CFA-4C27-8603-4DF40EF671AD}.Release|ARM64.ActiveCfg = Release|Win32
		{96F5782B-2CFA-4C27-8603-4DF40EF671AD}.Release|x64.ActiveCfg = Release|x64
		{96F5782B-2CFA-4C27-8603-4DF40EF671AD}.Release|x64.Build.0 = Release|x64
		{96F5782B-2CFA-4C27-8603-4DF40EF671AD}.Release|x86.ActiveCfg = Release|Win32
		{96F5782B-2CFA-4C27-8603-4DF40EF671AD}.Release|x86.Build.0 = Release|Win32
		{C8FDD270-AA92-4401-86E4-585BB769A7FC}.Debug|Any CPU.ActiveCfg = Debug|Win32
		{C8FDD270-AA92-4401-86E4-585BB769A7FC}.Debug|ARM.ActiveCfg = Debug|ARM
		{C8FDD270-AA92-4401-86E4-585BB769A7FC}.Debug|ARM.Build.0 = Debug|ARM
		{C8FDD270-AA92-4401-86E4-585BB769A7FC}.Debug|ARM64.ActiveCfg = Debug|ARM64
		{C8FDD270-AA92-4401-86E4-585BB769A7FC}.Debug|ARM64.Build.0 = Debug|ARM64
		{C8FDD270-AA92-4401-86E4-585BB769A7FC}.Debug|x64.ActiveCfg = Debug|x64
		{C8FDD270-AA92-4401-86E4-585BB769A7FC}.Debug|x64.Build.0 = Debug|x64
		{C8FDD270-AA92-4401-86E4-585BB769A7FC}.Debug|x86.ActiveCfg = Debug|Win32
		{C8FDD270-AA92-4401-86E4-585BB769A7FC}.Debug|x86.Build.0 = Debug|Win32
		{C8FDD270-AA92-4401-86E4-585BB769A7FC}.Release|Any CPU.ActiveCfg = Release|Win32
		{C8FDD270-AA92-4401-86E4-585BB769A7FC}.Release|ARM.ActiveCfg = Release|ARM
		{C8FDD270-AA92-4401-86E4-585BB769A7FC}.Release|ARM.Build.0 = Release|ARM
		{C8FDD270-AA92-4401-86E4-585BB769A7FC}.Release|ARM64.ActiveCfg = Release|ARM64
		{C8FDD270-AA92-4401-86E4-585BB769A7FC}.Release|ARM64.Build.0 = Release|ARM64
		{C8FDD270-AA92-4401-86E4-585BB769A7FC}.Release|x64.ActiveCfg = Release|x64
		{C8FDD270-AA92-4401-86E4-585BB769A7FC}.Release|x64.Build.0 = Release|x64
		{C8FDD270-AA92-4401-86E4-585BB769A7FC}.Release|x86.ActiveCfg = Release|Win32
		{C8FDD270-AA92-4401-86E4-585BB769A7FC}.Release|x86.Build.0 = Release|Win32
		{AA9DDD6D-17AB-43CB-87E3-B4B648CD8301}.Debug|Any CPU.ActiveCfg = Debug|x86
		{AA9DDD6D-17AB-43CB-87E3-B4B648CD8301}.Debug|ARM.ActiveCfg = Debug|ARM
		{AA9DDD6D-17AB-43CB-87E3-B4B648CD8301}.Debug|ARM.Build.0 = Debug|ARM
		{AA9DDD6D-17AB-43CB-87E3-B4B648CD8301}.Debug|ARM.Deploy.0 = Debug|ARM
		{AA9DDD6D-17AB-43CB-87E3-B4B648CD8301}.Debug|ARM64.ActiveCfg = Debug|ARM64
		{AA9DDD6D-17AB-43CB-87E3-B4B648CD8301}.Debug|ARM64.Build.0 = Debug|ARM64
		{AA9DDD6D-17AB-43CB-87E3-B4B648CD8301}.Debug|ARM64.Deploy.0 = Debug|ARM64
		{AA9DDD6D-17AB-43CB-87E3-B4B648CD8301}.Debug|x64.ActiveCfg = Debug|x64
		{AA9DDD6D-17AB-43CB-87E3-B4B648CD8301}.Debug|x64.Build.0 = Debug|x64
		{AA9DDD6D-17AB-43CB-87E3-B4B648CD8301}.Debug|x64.Deploy.0 = Debug|x64
		{AA9DDD6D-17AB-43CB-87E3-B4B648CD8301}.Debug|x86.ActiveCfg = Debug|x86
		{AA9DDD6D-17AB-43CB-87E3-B4B648CD8301}.Debug|x86.Build.0 = Debug|x86
		{AA9DDD6D-17AB-43CB-87E3-B4B648CD8301}.Debug|x86.Deploy.0 = Debug|x86
		{AA9DDD6D-17AB-43CB-87E3-B4B648CD8301}.Release|Any CPU.ActiveCfg = Release|x86
		{AA9DDD6D-17AB-43CB-87E3-B4B648CD8301}.Release|ARM.ActiveCfg = Release|ARM
		{AA9DDD6D-17AB-43CB-87E3-B4B648CD8301}.Release|ARM.Build.0 = Release|ARM
		{AA9DDD6D-17AB-43CB-87E3-B4B648CD8301}.Release|ARM.Deploy.0 = Release|ARM
		{AA9DDD6D-17AB-43CB-87E3-B4B648CD8301}.Release|ARM64.ActiveCfg = Release|ARM64
		{AA9DDD6D-17AB-43CB-87E3-B4B648CD8301}.Release|ARM64.Build.0 = Release|ARM64
		{AA9DDD6D-17AB-43CB-87E3-B4B648CD8301}.Release|ARM64.Deploy.0 = Release|ARM64
		{AA9DDD6D-17AB-43CB-87E3-B4B648CD8301}.Release|x64.ActiveCfg = Release|x64
		{AA9DDD6D-17AB-43CB-87E3-B4B648CD8301}.Release|x64.Build.0 = Release|x64
		{AA9DDD6D-17AB-43CB-87E3-B4B648CD8301}.Release|x64.Deploy.0 = Release|x64
		{AA9DDD6D-17AB-43CB-87E3-B4B648CD8301}.Release|x86.ActiveCfg = Release|x86
		{AA9DDD6D-17AB-43CB-87E3-B4B648CD8301}.Release|x86.Build.0 = Release|x86
		{AA9DDD6D-17AB-43CB-87E3-B4B648CD8301}.Release|x86.Deploy.0 = Release|x86
		{4E5F22C6-68A7-4D84-AC71-A6D4C4F53715}.Debug|Any CPU.ActiveCfg = Debug|Any CPU
		{4E5F22C6-68A7-4D84-AC71-A6D4C4F53715}.Debug|Any CPU.Build.0 = Debug|Any CPU
		{4E5F22C6-68A7-4D84-AC71-A6D4C4F53715}.Debug|ARM.ActiveCfg = Debug|ARM
		{4E5F22C6-68A7-4D84-AC71-A6D4C4F53715}.Debug|ARM.Build.0 = Debug|ARM
		{4E5F22C6-68A7-4D84-AC71-A6D4C4F53715}.Debug|ARM64.ActiveCfg = Debug|ARM64
		{4E5F22C6-68A7-4D84-AC71-A6D4C4F53715}.Debug|ARM64.Build.0 = Debug|ARM64
		{4E5F22C6-68A7-4D84-AC71-A6D4C4F53715}.Debug|x64.ActiveCfg = Debug|x64
		{4E5F22C6-68A7-4D84-AC71-A6D4C4F53715}.Debug|x64.Build.0 = Debug|x64
		{4E5F22C6-68A7-4D84-AC71-A6D4C4F53715}.Debug|x86.ActiveCfg = Debug|x86
		{4E5F22C6-68A7-4D84-AC71-A6D4C4F53715}.Debug|x86.Build.0 = Debug|x86
		{4E5F22C6-68A7-4D84-AC71-A6D4C4F53715}.Release|Any CPU.ActiveCfg = Release|Any CPU
		{4E5F22C6-68A7-4D84-AC71-A6D4C4F53715}.Release|Any CPU.Build.0 = Release|Any CPU
		{4E5F22C6-68A7-4D84-AC71-A6D4C4F53715}.Release|ARM.ActiveCfg = Release|ARM
		{4E5F22C6-68A7-4D84-AC71-A6D4C4F53715}.Release|ARM.Build.0 = Release|ARM
		{4E5F22C6-68A7-4D84-AC71-A6D4C4F53715}.Release|ARM64.ActiveCfg = Release|ARM64
		{4E5F22C6-68A7-4D84-AC71-A6D4C4F53715}.Release|ARM64.Build.0 = Release|ARM64
		{4E5F22C6-68A7-4D84-AC71-A6D4C4F53715}.Release|x64.ActiveCfg = Release|x64
		{4E5F22C6-68A7-4D84-AC71-A6D4C4F53715}.Release|x64.Build.0 = Release|x64
		{4E5F22C6-68A7-4D84-AC71-A6D4C4F53715}.Release|x86.ActiveCfg = Release|x86
		{4E5F22C6-68A7-4D84-AC71-A6D4C4F53715}.Release|x86.Build.0 = Release|x86
		{273BF5D0-1FC0-4C43-BA78-EB151F5AE97C}.Debug|Any CPU.ActiveCfg = Debug|Win32
		{273BF5D0-1FC0-4C43-BA78-EB151F5AE97C}.Debug|ARM.ActiveCfg = Debug|ARM
		{273BF5D0-1FC0-4C43-BA78-EB151F5AE97C}.Debug|ARM.Build.0 = Debug|ARM
		{273BF5D0-1FC0-4C43-BA78-EB151F5AE97C}.Debug|ARM64.ActiveCfg = Debug|ARM64
		{273BF5D0-1FC0-4C43-BA78-EB151F5AE97C}.Debug|ARM64.Build.0 = Debug|ARM64
		{273BF5D0-1FC0-4C43-BA78-EB151F5AE97C}.Debug|x64.ActiveCfg = Debug|x64
		{273BF5D0-1FC0-4C43-BA78-EB151F5AE97C}.Debug|x64.Build.0 = Debug|x64
		{273BF5D0-1FC0-4C43-BA78-EB151F5AE97C}.Debug|x86.ActiveCfg = Debug|Win32
		{273BF5D0-1FC0-4C43-BA78-EB151F5AE97C}.Debug|x86.Build.0 = Debug|Win32
		{273BF5D0-1FC0-4C43-BA78-EB151F5AE97C}.Release|Any CPU.ActiveCfg = Release|Win32
		{273BF5D0-1FC0-4C43-BA78-EB151F5AE97C}.Release|ARM.ActiveCfg = Release|ARM
		{273BF5D0-1FC0-4C43-BA78-EB151F5AE97C}.Release|ARM.Build.0 = Release|ARM
		{273BF5D0-1FC0-4C43-BA78-EB151F5AE97C}.Release|ARM64.ActiveCfg = Release|ARM64
		{273BF5D0-1FC0-4C43-BA78-EB151F5AE97C}.Release|ARM64.Build.0 = Release|ARM64
		{273BF5D0-1FC0-4C43-BA78-EB151F5AE97C}.Release|x64.ActiveCfg = Release|x64
		{273BF5D0-1FC0-4C43-BA78-EB151F5AE97C}.Release|x64.Build.0 = Release|x64
		{273BF5D0-1FC0-4C43-BA78-EB151F5AE97C}.Release|x86.ActiveCfg = Release|Win32
		{273BF5D0-1FC0-4C43-BA78-EB151F5AE97C}.Release|x86.Build.0 = Release|Win32
		{647C1D48-DC58-46A3-9DE7-48FAD4D8A5AE}.Debug|Any CPU.ActiveCfg = Debug|Any CPU
		{647C1D48-DC58-46A3-9DE7-48FAD4D8A5AE}.Debug|Any CPU.Build.0 = Debug|Any CPU
		{647C1D48-DC58-46A3-9DE7-48FAD4D8A5AE}.Debug|ARM.ActiveCfg = Debug|Any CPU
		{647C1D48-DC58-46A3-9DE7-48FAD4D8A5AE}.Debug|ARM.Build.0 = Debug|Any CPU
		{647C1D48-DC58-46A3-9DE7-48FAD4D8A5AE}.Debug|ARM64.ActiveCfg = Debug|Any CPU
		{647C1D48-DC58-46A3-9DE7-48FAD4D8A5AE}.Debug|ARM64.Build.0 = Debug|Any CPU
		{647C1D48-DC58-46A3-9DE7-48FAD4D8A5AE}.Debug|x64.ActiveCfg = Debug|Any CPU
		{647C1D48-DC58-46A3-9DE7-48FAD4D8A5AE}.Debug|x64.Build.0 = Debug|Any CPU
		{647C1D48-DC58-46A3-9DE7-48FAD4D8A5AE}.Debug|x86.ActiveCfg = Debug|Any CPU
		{647C1D48-DC58-46A3-9DE7-48FAD4D8A5AE}.Debug|x86.Build.0 = Debug|Any CPU
		{647C1D48-DC58-46A3-9DE7-48FAD4D8A5AE}.Release|Any CPU.ActiveCfg = Release|Any CPU
		{647C1D48-DC58-46A3-9DE7-48FAD4D8A5AE}.Release|Any CPU.Build.0 = Release|Any CPU
		{647C1D48-DC58-46A3-9DE7-48FAD4D8A5AE}.Release|ARM.ActiveCfg = Release|Any CPU
		{647C1D48-DC58-46A3-9DE7-48FAD4D8A5AE}.Release|ARM.Build.0 = Release|Any CPU
		{647C1D48-DC58-46A3-9DE7-48FAD4D8A5AE}.Release|ARM64.ActiveCfg = Release|Any CPU
		{647C1D48-DC58-46A3-9DE7-48FAD4D8A5AE}.Release|ARM64.Build.0 = Release|Any CPU
		{647C1D48-DC58-46A3-9DE7-48FAD4D8A5AE}.Release|x64.ActiveCfg = Release|Any CPU
		{647C1D48-DC58-46A3-9DE7-48FAD4D8A5AE}.Release|x64.Build.0 = Release|Any CPU
		{647C1D48-DC58-46A3-9DE7-48FAD4D8A5AE}.Release|x86.ActiveCfg = Release|Any CPU
		{647C1D48-DC58-46A3-9DE7-48FAD4D8A5AE}.Release|x86.Build.0 = Release|Any CPU
		{3299998F-6E2D-41B4-B0E1-8243F89D471E}.Debug|Any CPU.ActiveCfg = Debug|Any CPU
		{3299998F-6E2D-41B4-B0E1-8243F89D471E}.Debug|Any CPU.Build.0 = Debug|Any CPU
		{3299998F-6E2D-41B4-B0E1-8243F89D471E}.Debug|ARM.ActiveCfg = Debug|Any CPU
		{3299998F-6E2D-41B4-B0E1-8243F89D471E}.Debug|ARM.Build.0 = Debug|Any CPU
		{3299998F-6E2D-41B4-B0E1-8243F89D471E}.Debug|ARM64.ActiveCfg = Debug|Any CPU
		{3299998F-6E2D-41B4-B0E1-8243F89D471E}.Debug|ARM64.Build.0 = Debug|Any CPU
		{3299998F-6E2D-41B4-B0E1-8243F89D471E}.Debug|x64.ActiveCfg = Debug|Any CPU
		{3299998F-6E2D-41B4-B0E1-8243F89D471E}.Debug|x64.Build.0 = Debug|Any CPU
		{3299998F-6E2D-41B4-B0E1-8243F89D471E}.Debug|x86.ActiveCfg = Debug|Any CPU
		{3299998F-6E2D-41B4-B0E1-8243F89D471E}.Debug|x86.Build.0 = Debug|Any CPU
		{3299998F-6E2D-41B4-B0E1-8243F89D471E}.Release|Any CPU.ActiveCfg = Release|Any CPU
		{3299998F-6E2D-41B4-B0E1-8243F89D471E}.Release|Any CPU.Build.0 = Release|Any CPU
		{3299998F-6E2D-41B4-B0E1-8243F89D471E}.Release|ARM.ActiveCfg = Release|Any CPU
		{3299998F-6E2D-41B4-B0E1-8243F89D471E}.Release|ARM.Build.0 = Release|Any CPU
		{3299998F-6E2D-41B4-B0E1-8243F89D471E}.Release|ARM64.ActiveCfg = Release|Any CPU
		{3299998F-6E2D-41B4-B0E1-8243F89D471E}.Release|ARM64.Build.0 = Release|Any CPU
		{3299998F-6E2D-41B4-B0E1-8243F89D471E}.Release|x64.ActiveCfg = Release|Any CPU
		{3299998F-6E2D-41B4-B0E1-8243F89D471E}.Release|x64.Build.0 = Release|Any CPU
		{3299998F-6E2D-41B4-B0E1-8243F89D471E}.Release|x86.ActiveCfg = Release|Any CPU
		{3299998F-6E2D-41B4-B0E1-8243F89D471E}.Release|x86.Build.0 = Release|Any CPU
		{7E6A4B15-7951-4862-B73B-FF8038D1A932}.Debug|Any CPU.ActiveCfg = Debug|Any CPU
		{7E6A4B15-7951-4862-B73B-FF8038D1A932}.Debug|Any CPU.Build.0 = Debug|Any CPU
		{7E6A4B15-7951-4862-B73B-FF8038D1A932}.Debug|ARM.ActiveCfg = Debug|Any CPU
		{7E6A4B15-7951-4862-B73B-FF8038D1A932}.Debug|ARM.Build.0 = Debug|Any CPU
		{7E6A4B15-7951-4862-B73B-FF8038D1A932}.Debug|ARM64.ActiveCfg = Debug|Any CPU
		{7E6A4B15-7951-4862-B73B-FF8038D1A932}.Debug|ARM64.Build.0 = Debug|Any CPU
		{7E6A4B15-7951-4862-B73B-FF8038D1A932}.Debug|x64.ActiveCfg = Debug|Any CPU
		{7E6A4B15-7951-4862-B73B-FF8038D1A932}.Debug|x64.Build.0 = Debug|Any CPU
		{7E6A4B15-7951-4862-B73B-FF8038D1A932}.Debug|x86.ActiveCfg = Debug|Any CPU
		{7E6A4B15-7951-4862-B73B-FF8038D1A932}.Debug|x86.Build.0 = Debug|Any CPU
		{7E6A4B15-7951-4862-B73B-FF8038D1A932}.Release|Any CPU.ActiveCfg = Release|Any CPU
		{7E6A4B15-7951-4862-B73B-FF8038D1A932}.Release|Any CPU.Build.0 = Release|Any CPU
		{7E6A4B15-7951-4862-B73B-FF8038D1A932}.Release|ARM.ActiveCfg = Release|Any CPU
		{7E6A4B15-7951-4862-B73B-FF8038D1A932}.Release|ARM.Build.0 = Release|Any CPU
		{7E6A4B15-7951-4862-B73B-FF8038D1A932}.Release|ARM64.ActiveCfg = Release|Any CPU
		{7E6A4B15-7951-4862-B73B-FF8038D1A932}.Release|ARM64.Build.0 = Release|Any CPU
		{7E6A4B15-7951-4862-B73B-FF8038D1A932}.Release|x64.ActiveCfg = Release|Any CPU
		{7E6A4B15-7951-4862-B73B-FF8038D1A932}.Release|x64.Build.0 = Release|Any CPU
		{7E6A4B15-7951-4862-B73B-FF8038D1A932}.Release|x86.ActiveCfg = Release|Any CPU
		{7E6A4B15-7951-4862-B73B-FF8038D1A932}.Release|x86.Build.0 = Release|Any CPU
		{71A3948F-0714-44B2-A32E-199484232ADE}.Debug|Any CPU.ActiveCfg = Debug|Any CPU
		{71A3948F-0714-44B2-A32E-199484232ADE}.Debug|Any CPU.Build.0 = Debug|Any CPU
		{71A3948F-0714-44B2-A32E-199484232ADE}.Debug|ARM.ActiveCfg = Debug|Any CPU
		{71A3948F-0714-44B2-A32E-199484232ADE}.Debug|ARM.Build.0 = Debug|Any CPU
		{71A3948F-0714-44B2-A32E-199484232ADE}.Debug|ARM64.ActiveCfg = Debug|Any CPU
		{71A3948F-0714-44B2-A32E-199484232ADE}.Debug|ARM64.Build.0 = Debug|Any CPU
		{71A3948F-0714-44B2-A32E-199484232ADE}.Debug|x64.ActiveCfg = Debug|Any CPU
		{71A3948F-0714-44B2-A32E-199484232ADE}.Debug|x64.Build.0 = Debug|Any CPU
		{71A3948F-0714-44B2-A32E-199484232ADE}.Debug|x86.ActiveCfg = Debug|Any CPU
		{71A3948F-0714-44B2-A32E-199484232ADE}.Debug|x86.Build.0 = Debug|Any CPU
		{71A3948F-0714-44B2-A32E-199484232ADE}.Release|Any CPU.ActiveCfg = Release|Any CPU
		{71A3948F-0714-44B2-A32E-199484232ADE}.Release|Any CPU.Build.0 = Release|Any CPU
		{71A3948F-0714-44B2-A32E-199484232ADE}.Release|ARM.ActiveCfg = Release|Any CPU
		{71A3948F-0714-44B2-A32E-199484232ADE}.Release|ARM.Build.0 = Release|Any CPU
		{71A3948F-0714-44B2-A32E-199484232ADE}.Release|ARM64.ActiveCfg = Release|Any CPU
		{71A3948F-0714-44B2-A32E-199484232ADE}.Release|ARM64.Build.0 = Release|Any CPU
		{71A3948F-0714-44B2-A32E-199484232ADE}.Release|x64.ActiveCfg = Release|Any CPU
		{71A3948F-0714-44B2-A32E-199484232ADE}.Release|x64.Build.0 = Release|Any CPU
		{71A3948F-0714-44B2-A32E-199484232ADE}.Release|x86.ActiveCfg = Release|Any CPU
		{71A3948F-0714-44B2-A32E-199484232ADE}.Release|x86.Build.0 = Release|Any CPU
		{F9FBB713-FFC3-436E-B640-10EECB1110A7}.Debug|Any CPU.ActiveCfg = Debug|Any CPU
		{F9FBB713-FFC3-436E-B640-10EECB1110A7}.Debug|Any CPU.Build.0 = Debug|Any CPU
		{F9FBB713-FFC3-436E-B640-10EECB1110A7}.Debug|ARM.ActiveCfg = Debug|Any CPU
		{F9FBB713-FFC3-436E-B640-10EECB1110A7}.Debug|ARM.Build.0 = Debug|Any CPU
		{F9FBB713-FFC3-436E-B640-10EECB1110A7}.Debug|ARM64.ActiveCfg = Debug|Any CPU
		{F9FBB713-FFC3-436E-B640-10EECB1110A7}.Debug|ARM64.Build.0 = Debug|Any CPU
		{F9FBB713-FFC3-436E-B640-10EECB1110A7}.Debug|x64.ActiveCfg = Debug|Any CPU
		{F9FBB713-FFC3-436E-B640-10EECB1110A7}.Debug|x64.Build.0 = Debug|Any CPU
		{F9FBB713-FFC3-436E-B640-10EECB1110A7}.Debug|x86.ActiveCfg = Debug|Any CPU
		{F9FBB713-FFC3-436E-B640-10EECB1110A7}.Debug|x86.Build.0 = Debug|Any CPU
		{F9FBB713-FFC3-436E-B640-10EECB1110A7}.Release|Any CPU.ActiveCfg = Release|Any CPU
		{F9FBB713-FFC3-436E-B640-10EECB1110A7}.Release|Any CPU.Build.0 = Release|Any CPU
		{F9FBB713-FFC3-436E-B640-10EECB1110A7}.Release|ARM.ActiveCfg = Release|Any CPU
		{F9FBB713-FFC3-436E-B640-10EECB1110A7}.Release|ARM.Build.0 = Release|Any CPU
		{F9FBB713-FFC3-436E-B640-10EECB1110A7}.Release|ARM64.ActiveCfg = Release|Any CPU
		{F9FBB713-FFC3-436E-B640-10EECB1110A7}.Release|ARM64.Build.0 = Release|Any CPU
		{F9FBB713-FFC3-436E-B640-10EECB1110A7}.Release|x64.ActiveCfg = Release|Any CPU
		{F9FBB713-FFC3-436E-B640-10EECB1110A7}.Release|x64.Build.0 = Release|Any CPU
		{F9FBB713-FFC3-436E-B640-10EECB1110A7}.Release|x86.ActiveCfg = Release|Any CPU
		{F9FBB713-FFC3-436E-B640-10EECB1110A7}.Release|x86.Build.0 = Release|Any CPU
		{6EB46FE4-4512-41BB-92E9-A7F7448A3F7E}.Debug|Any CPU.ActiveCfg = Debug|Any CPU
		{6EB46FE4-4512-41BB-92E9-A7F7448A3F7E}.Debug|Any CPU.Build.0 = Debug|Any CPU
		{6EB46FE4-4512-41BB-92E9-A7F7448A3F7E}.Debug|ARM.ActiveCfg = Debug|Any CPU
		{6EB46FE4-4512-41BB-92E9-A7F7448A3F7E}.Debug|ARM.Build.0 = Debug|Any CPU
		{6EB46FE4-4512-41BB-92E9-A7F7448A3F7E}.Debug|ARM64.ActiveCfg = Debug|Any CPU
		{6EB46FE4-4512-41BB-92E9-A7F7448A3F7E}.Debug|ARM64.Build.0 = Debug|Any CPU
		{6EB46FE4-4512-41BB-92E9-A7F7448A3F7E}.Debug|x64.ActiveCfg = Debug|Any CPU
		{6EB46FE4-4512-41BB-92E9-A7F7448A3F7E}.Debug|x64.Build.0 = Debug|Any CPU
		{6EB46FE4-4512-41BB-92E9-A7F7448A3F7E}.Debug|x86.ActiveCfg = Debug|Any CPU
		{6EB46FE4-4512-41BB-92E9-A7F7448A3F7E}.Debug|x86.Build.0 = Debug|Any CPU
		{6EB46FE4-4512-41BB-92E9-A7F7448A3F7E}.Release|Any CPU.ActiveCfg = Release|Any CPU
		{6EB46FE4-4512-41BB-92E9-A7F7448A3F7E}.Release|Any CPU.Build.0 = Release|Any CPU
		{6EB46FE4-4512-41BB-92E9-A7F7448A3F7E}.Release|ARM.ActiveCfg = Release|Any CPU
		{6EB46FE4-4512-41BB-92E9-A7F7448A3F7E}.Release|ARM.Build.0 = Release|Any CPU
		{6EB46FE4-4512-41BB-92E9-A7F7448A3F7E}.Release|ARM64.ActiveCfg = Release|Any CPU
		{6EB46FE4-4512-41BB-92E9-A7F7448A3F7E}.Release|ARM64.Build.0 = Release|Any CPU
		{6EB46FE4-4512-41BB-92E9-A7F7448A3F7E}.Release|x64.ActiveCfg = Release|Any CPU
		{6EB46FE4-4512-41BB-92E9-A7F7448A3F7E}.Release|x64.Build.0 = Release|Any CPU
		{6EB46FE4-4512-41BB-92E9-A7F7448A3F7E}.Release|x86.ActiveCfg = Release|Any CPU
		{6EB46FE4-4512-41BB-92E9-A7F7448A3F7E}.Release|x86.Build.0 = Release|Any CPU
	EndGlobalSection
	GlobalSection(SolutionProperties) = preSolution
		HideSolutionNode = FALSE
	EndGlobalSection
	GlobalSection(ExtensibilityGlobals) = postSolution
		SolutionGuid = {A3828AF9-02D2-4E90-B5A4-3890987AAE3A}
	EndGlobalSection
EndGlobal
